
Microsoft Visual Studio Solution File, Format Version 12.00
# Visual Studio Version 17
VisualStudioVersion = 17.3.32804.467
MinimumVisualStudioVersion = 10.0.40219.1
Project("{FAE04EC0-301F-11D3-BF4B-00C04F79EFBC}") = "FAvalonia", "AvaloniaApplicationOpenFileAsync\FAvalonia.csproj", "{3C354A5D-F40D-484E-9B43-FD6B604C8720}"
EndProject
Project("{FAE04EC0-301F-11D3-BF4B-00C04F79EFBC}") = "FCore", "Core\FCore.csproj", "{1EB22C95-594A-444E-B08B-C73442287328}"
EndProject
Project("{FAE04EC0-301F-11D3-BF4B-00C04F79EFBC}") = "FWinForms", "FWinForms\FWinForms.csproj", "{3F4DB994-D8A7-4731-AC0A-E7BF70BA6E40}"
EndProject
Global
	GlobalSection(SolutionConfigurationPlatforms) = preSolution
		Debug|Any CPU = Debug|Any CPU
		Release|Any CPU = Release|Any CPU
	EndGlobalSection
	GlobalSection(ProjectConfigurationPlatforms) = postSolution
		{3C354A5D-F40D-484E-9B43-FD6B604C8720}.Debug|Any CPU.ActiveCfg = Debug|Any CPU
		{3C354A5D-F40D-484E-9B43-FD6B604C8720}.Debug|Any CPU.Build.0 = Debug|Any CPU
		{3C354A5D-F40D-484E-9B43-FD6B604C8720}.Release|Any CPU.ActiveCfg = Release|Any CPU
		{3C354A5D-F40D-484E-9B43-FD6B604C8720}.Release|Any CPU.Build.0 = Release|Any CPU
		{1EB22C95-594A-444E-B08B-C73442287328}.Debug|Any CPU.ActiveCfg = Debug|Any CPU
		{1EB22C95-594A-444E-B08B-C73442287328}.Debug|Any CPU.Build.0 = Debug|Any CPU
		{1EB22C95-594A-444E-B08B-C73442287328}.Release|Any CPU.ActiveCfg = Release|Any CPU
		{1EB22C95-594A-444E-B08B-C73442287328}.Release|Any CPU.Build.0 = Release|Any CPU
		{3F4DB994-D8A7-4731-AC0A-E7BF70BA6E40}.Debug|Any CPU.ActiveCfg = Debug|Any CPU
		{3F4DB994-D8A7-4731-AC0A-E7BF70BA6E40}.Debug|Any CPU.Build.0 = Debug|Any CPU
		{3F4DB994-D8A7-4731-AC0A-E7BF70BA6E40}.Release|Any CPU.ActiveCfg = Release|Any CPU
		{3F4DB994-D8A7-4731-AC0A-E7BF70BA6E40}.Release|Any CPU.Build.0 = Release|Any CPU
	EndGlobalSection
	GlobalSection(SolutionProperties) = preSolution
		HideSolutionNode = FALSE
	EndGlobalSection
	GlobalSection(ExtensibilityGlobals) = postSolution
		SolutionGuid = {0E7FCDA9-E58A-4800-A83C-D2CFB111A5D3}
	EndGlobalSection
EndGlobal
